{
  "name": "matrix-crdt",
  "version": "0.0.7",
  "lockfileVersion": 1,
  "requires": true,
  "dependencies": {
    "typescript": {
      "version": "4.3.2",
      "resolved": "https://registry.npmjs.org/typescript/-/typescript-4.3.2.tgz",
      "integrity": "sha512-zZ4hShnmnoVnAHpVHWpTcxdv7dWP60S2FsydQLV8V5PbS3FifjWFFRiHSWpDJahly88PRyV5teTSLoq4eG7mKw==",
      "dev": true
    }
  }
}
